
Microsoft Visual Studio Solution File, Format Version 12.00
# Visual Studio Version 16
VisualStudioVersion = 16.0.31205.134
MinimumVisualStudioVersion = 10.0.40219.1
Project("{FAE04EC0-301F-11D3-BF4B-00C04F79EFBC}") = "Calculator", "Calculator\Calculator.csproj", "{B70FF5EC-5287-44AC-9AD6-5897199CD6FD}"
EndProject
Global
	GlobalSection(SolutionConfigurationPlatforms) = preSolution
		Debug|Any CPU = Debug|Any CPU
		Release|Any CPU = Release|Any CPU
	EndGlobalSection
	GlobalSection(ProjectConfigurationPlatforms) = postSolution
		{B70FF5EC-5287-44AC-9AD6-5897199CD6FD}.Debug|Any CPU.ActiveCfg = Debug|Any CPU
		{B70FF5EC-5287-44AC-9AD6-5897199CD6FD}.Debug|Any CPU.Build.0 = Debug|Any CPU
		{B70FF5EC-5287-44AC-9AD6-5897199CD6FD}.Release|Any CPU.ActiveCfg = Release|Any CPU
		{B70FF5EC-5287-44AC-9AD6-5897199CD6FD}.Release|Any CPU.Build.0 = Release|Any CPU
	EndGlobalSection
	GlobalSection(SolutionProperties) = preSolution
		HideSolutionNode = FALSE
	EndGlobalSection
	GlobalSection(ExtensibilityGlobals) = postSolution
		SolutionGuid = {6A6E3936-92FE-448D-B3B5-60FE52F76512}
	EndGlobalSection
EndGlobal
